
Microsoft Visual Studio Solution File, Format Version 11.00
# Visual Studio 2010
Project("{FAE04EC0-301F-11D3-BF4B-00C04F79EFBC}") = "FeatureExamples", "FeatureExamples\FeatureExamples.csproj", "{BA349BE6-82CE-479A-AF3B-404010819690}"
EndProject
Project("{FAE04EC0-301F-11D3-BF4B-00C04F79EFBC}") = "FeatureExamplesTest", "FeatureExamplesTest\FeatureExamplesTest.csproj", "{66A918CD-4943-4007-974C-DA5E605E645C}"
EndProject
Project("{2150E333-8FDC-42A3-9474-1A3956D46DE8}") = "Solution Items", "Solution Items", "{900E94EC-39BA-4835-95FC-CED044858B08}"
	ProjectSection(SolutionItems) = preProject
		FeatureExamples.vsmdi = FeatureExamples.vsmdi
		Local.testsettings = Local.testsettings
		TraceAndTestImpact.testsettings = TraceAndTestImpact.testsettings
	EndProjectSection
EndProject
Project("{FAE04EC0-301F-11D3-BF4B-00C04F79EFBC}") = "Event", "Event\Event.csproj", "{6BCA8A4A-752E-4D8F-9ECB-59D3E99374C1}"
EndProject
Project("{FAE04EC0-301F-11D3-BF4B-00C04F79EFBC}") = "EventTest", "EventTest\EventTest.csproj", "{67444255-779A-47C6-9CAB-6453DC983048}"
EndProject
Project("{FAE04EC0-301F-11D3-BF4B-00C04F79EFBC}") = "GarbageCollection", "GarbageCollection\GarbageCollection.csproj", "{D939005E-C88C-4985-856F-F89E552D9F79}"
EndProject
Project("{FAE04EC0-301F-11D3-BF4B-00C04F79EFBC}") = "MultiThread", "MultiThread\MultiThread.csproj", "{B6343C3A-4A58-4CF4-85D2-0E016FC232B8}"
EndProject
Project("{FAE04EC0-301F-11D3-BF4B-00C04F79EFBC}") = "LinqToSQLTest", "LinqToSQLTest\LinqToSQLTest.csproj", "{8A2A7746-2CED-4D51-A65D-8A844D490D0A}"
EndProject
Global
	GlobalSection(TestCaseManagementSettings) = postSolution
		CategoryFile = FeatureExamples.vsmdi
	EndGlobalSection
	GlobalSection(SolutionConfigurationPlatforms) = preSolution
		Debug|Any CPU = Debug|Any CPU
		Debug|Mixed Platforms = Debug|Mixed Platforms
		Debug|x86 = Debug|x86
		Release|Any CPU = Release|Any CPU
		Release|Mixed Platforms = Release|Mixed Platforms
		Release|x86 = Release|x86
	EndGlobalSection
	GlobalSection(ProjectConfigurationPlatforms) = postSolution
		{BA349BE6-82CE-479A-AF3B-404010819690}.Debug|Any CPU.ActiveCfg = Debug|x86
		{BA349BE6-82CE-479A-AF3B-404010819690}.Debug|Mixed Platforms.ActiveCfg = Debug|x86
		{BA349BE6-82CE-479A-AF3B-404010819690}.Debug|Mixed Platforms.Build.0 = Debug|x86
		{BA349BE6-82CE-479A-AF3B-404010819690}.Debug|x86.ActiveCfg = Debug|x86
		{BA349BE6-82CE-479A-AF3B-404010819690}.Debug|x86.Build.0 = Debug|x86
		{BA349BE6-82CE-479A-AF3B-404010819690}.Release|Any CPU.ActiveCfg = Release|x86
		{BA349BE6-82CE-479A-AF3B-404010819690}.Release|Mixed Platforms.ActiveCfg = Release|x86
		{BA349BE6-82CE-479A-AF3B-404010819690}.Release|Mixed Platforms.Build.0 = Release|x86
		{BA349BE6-82CE-479A-AF3B-404010819690}.Release|x86.ActiveCfg = Release|x86
		{BA349BE6-82CE-479A-AF3B-404010819690}.Release|x86.Build.0 = Release|x86
		{66A918CD-4943-4007-974C-DA5E605E645C}.Debug|Any CPU.ActiveCfg = Debug|Any CPU
		{66A918CD-4943-4007-974C-DA5E605E645C}.Debug|Any CPU.Build.0 = Debug|Any CPU
		{66A918CD-4943-4007-974C-DA5E605E645C}.Debug|Mixed Platforms.ActiveCfg = Debug|Any CPU
		{66A918CD-4943-4007-974C-DA5E605E645C}.Debug|Mixed Platforms.Build.0 = Debug|Any CPU
		{66A918CD-4943-4007-974C-DA5E605E645C}.Debug|x86.ActiveCfg = Debug|Any CPU
		{66A918CD-4943-4007-974C-DA5E605E645C}.Release|Any CPU.ActiveCfg = Release|Any CPU
		{66A918CD-4943-4007-974C-DA5E605E645C}.Release|Any CPU.Build.0 = Release|Any CPU
		{66A918CD-4943-4007-974C-DA5E605E645C}.Release|Mixed Platforms.ActiveCfg = Release|Any CPU
		{66A918CD-4943-4007-974C-DA5E605E645C}.Release|Mixed Platforms.Build.0 = Release|Any CPU
		{66A918CD-4943-4007-974C-DA5E605E645C}.Release|x86.ActiveCfg = Release|Any CPU
		{6BCA8A4A-752E-4D8F-9ECB-59D3E99374C1}.Debug|Any CPU.ActiveCfg = Debug|Any CPU
		{6BCA8A4A-752E-4D8F-9ECB-59D3E99374C1}.Debug|Any CPU.Build.0 = Debug|Any CPU
		{6BCA8A4A-752E-4D8F-9ECB-59D3E99374C1}.Debug|Mixed Platforms.ActiveCfg = Debug|Any CPU
		{6BCA8A4A-752E-4D8F-9ECB-59D3E99374C1}.Debug|Mixed Platforms.Build.0 = Debug|Any CPU
		{6BCA8A4A-752E-4D8F-9ECB-59D3E99374C1}.Debug|x86.ActiveCfg = Debug|Any CPU
		{6BCA8A4A-752E-4D8F-9ECB-59D3E99374C1}.Release|Any CPU.ActiveCfg = Release|Any CPU
		{6BCA8A4A-752E-4D8F-9ECB-59D3E99374C1}.Release|Any CPU.Build.0 = Release|Any CPU
		{6BCA8A4A-752E-4D8F-9ECB-59D3E99374C1}.Release|Mixed Platforms.ActiveCfg = Release|Any CPU
		{6BCA8A4A-752E-4D8F-9ECB-59D3E99374C1}.Release|Mixed Platforms.Build.0 = Release|Any CPU
		{6BCA8A4A-752E-4D8F-9ECB-59D3E99374C1}.Release|x86.ActiveCfg = Release|Any CPU
		{67444255-779A-47C6-9CAB-6453DC983048}.Debug|Any CPU.ActiveCfg = Debug|Any CPU
		{67444255-779A-47C6-9CAB-6453DC983048}.Debug|Any CPU.Build.0 = Debug|Any CPU
		{67444255-779A-47C6-9CAB-6453DC983048}.Debug|Mixed Platforms.ActiveCfg = Debug|Any CPU
		{67444255-779A-47C6-9CAB-6453DC983048}.Debug|Mixed Platforms.Build.0 = Debug|Any CPU
		{67444255-779A-47C6-9CAB-6453DC983048}.Debug|x86.ActiveCfg = Debug|Any CPU
		{67444255-779A-47C6-9CAB-6453DC983048}.Release|Any CPU.ActiveCfg = Release|Any CPU
		{67444255-779A-47C6-9CAB-6453DC983048}.Release|Any CPU.Build.0 = Release|Any CPU
		{67444255-779A-47C6-9CAB-6453DC983048}.Release|Mixed Platforms.ActiveCfg = Release|Any CPU
		{67444255-779A-47C6-9CAB-6453DC983048}.Release|Mixed Platforms.Build.0 = Release|Any CPU
		{67444255-779A-47C6-9CAB-6453DC983048}.Release|x86.ActiveCfg = Release|Any CPU
		{D939005E-C88C-4985-856F-F89E552D9F79}.Debug|Any CPU.ActiveCfg = Debug|Any CPU
		{D939005E-C88C-4985-856F-F89E552D9F79}.Debug|Any CPU.Build.0 = Debug|Any CPU
		{D939005E-C88C-4985-856F-F89E552D9F79}.Debug|Mixed Platforms.ActiveCfg = Debug|Any CPU
		{D939005E-C88C-4985-856F-F89E552D9F79}.Debug|Mixed Platforms.Build.0 = Debug|Any CPU
		{D939005E-C88C-4985-856F-F89E552D9F79}.Debug|x86.ActiveCfg = Debug|Any CPU
		{D939005E-C88C-4985-856F-F89E552D9F79}.Release|Any CPU.ActiveCfg = Release|Any CPU
		{D939005E-C88C-4985-856F-F89E552D9F79}.Release|Any CPU.Build.0 = Release|Any CPU
		{D939005E-C88C-4985-856F-F89E552D9F79}.Release|Mixed Platforms.ActiveCfg = Release|Any CPU
		{D939005E-C88C-4985-856F-F89E552D9F79}.Release|Mixed Platforms.Build.0 = Release|Any CPU
		{D939005E-C88C-4985-856F-F89E552D9F79}.Release|x86.ActiveCfg = Release|Any CPU
		{B6343C3A-4A58-4CF4-85D2-0E016FC232B8}.Debug|Any CPU.ActiveCfg = Debug|x86
		{B6343C3A-4A58-4CF4-85D2-0E016FC232B8}.Debug|Mixed Platforms.ActiveCfg = Debug|x86
		{B6343C3A-4A58-4CF4-85D2-0E016FC232B8}.Debug|Mixed Platforms.Build.0 = Debug|x86
		{B6343C3A-4A58-4CF4-85D2-0E016FC232B8}.Debug|x86.ActiveCfg = Debug|x86
		{B6343C3A-4A58-4CF4-85D2-0E016FC232B8}.Debug|x86.Build.0 = Debug|x86
		{B6343C3A-4A58-4CF4-85D2-0E016FC232B8}.Release|Any CPU.ActiveCfg = Release|x86
		{B6343C3A-4A58-4CF4-85D2-0E016FC232B8}.Release|Mixed Platforms.ActiveCfg = Release|x86
		{B6343C3A-4A58-4CF4-85D2-0E016FC232B8}.Release|Mixed Platforms.Build.0 = Release|x86
		{B6343C3A-4A58-4CF4-85D2-0E016FC232B8}.Release|x86.ActiveCfg = Release|x86
		{B6343C3A-4A58-4CF4-85D2-0E016FC232B8}.Release|x86.Build.0 = Release|x86
		{8A2A7746-2CED-4D51-A65D-8A844D490D0A}.Debug|Any CPU.ActiveCfg = Debug|Any CPU
		{8A2A7746-2CED-4D51-A65D-8A844D490D0A}.Debug|Any CPU.Build.0 = Debug|Any CPU
		{8A2A7746-2CED-4D51-A65D-8A844D490D0A}.Debug|Mixed Platforms.ActiveCfg = Debug|Any CPU
		{8A2A7746-2CED-4D51-A65D-8A844D490D0A}.Debug|Mixed Platforms.Build.0 = Debug|Any CPU
		{8A2A7746-2CED-4D51-A65D-8A844D490D0A}.Debug|x86.ActiveCfg = Debug|Any CPU
		{8A2A7746-2CED-4D51-A65D-8A844D490D0A}.Release|Any CPU.ActiveCfg = Release|Any CPU
		{8A2A7746-2CED-4D51-A65D-8A844D490D0A}.Release|Any CPU.Build.0 = Release|Any CPU
		{8A2A7746-2CED-4D51-A65D-8A844D490D0A}.Release|Mixed Platforms.ActiveCfg = Release|Any CPU
		{8A2A7746-2CED-4D51-A65D-8A844D490D0A}.Release|Mixed Platforms.Build.0 = Release|Any CPU
		{8A2A7746-2CED-4D51-A65D-8A844D490D0A}.Release|x86.ActiveCfg = Release|Any CPU
	EndGlobalSection
	GlobalSection(SolutionProperties) = preSolution
		HideSolutionNode = FALSE
	EndGlobalSection
EndGlobal
